// !$*UTF8*$!
{
	archiveVersion = 1;
	classes = {
	};
	objectVersion = 46;
	objects = {

/* Begin PBXBuildFile section */
		59084B3F1BEB02CE00C0E9DF /* Bolts.framework in Frameworks */ = {isa = PBXBuildFile; fileRef = 59084B3D1BEB02CE00C0E9DF /* Bolts.framework */; };
		59084B401BEB02CE00C0E9DF /* Parse.framework in Frameworks */ = {isa = PBXBuildFile; fileRef = 59084B3E1BEB02CE00C0E9DF /* Parse.framework */; };
		59084B421BEB03A400C0E9DF /* libstdc++.6.tbd in Frameworks */ = {isa = PBXBuildFile; fileRef = 59084B411BEB03A400C0E9DF /* libstdc++.6.tbd */; };
		59084B441BEB03AB00C0E9DF /* SystemConfiguration.framework in Frameworks */ = {isa = PBXBuildFile; fileRef = 59084B431BEB03AB00C0E9DF /* SystemConfiguration.framework */; };
		59084B461BEB03B500C0E9DF /* AudioToolbox.framework in Frameworks */ = {isa = PBXBuildFile; fileRef = 59084B451BEB03B500C0E9DF /* AudioToolbox.framework */; };
		59084B481BEB03CD00C0E9DF /* libsqlite3.tbd in Frameworks */ = {isa = PBXBuildFile; fileRef = 59084B471BEB03CD00C0E9DF /* libsqlite3.tbd */; };
		592599721BE3D85300122C1B /* ReasonTableCell.swift in Sources */ = {isa = PBXBuildFile; fileRef = 592599711BE3D85300122C1B /* ReasonTableCell.swift */; };
		592862931BE56B800078D13B /* BucketListViewController.swift in Sources */ = {isa = PBXBuildFile; fileRef = 592862921BE56B800078D13B /* BucketListViewController.swift */; };
		592862971BE57D990078D13B /* BucketList.swift in Sources */ = {isa = PBXBuildFile; fileRef = 592862961BE57D990078D13B /* BucketList.swift */; };
		592862991BE57E3A0078D13B /* BucketListCollectionViewCell.swift in Sources */ = {isa = PBXBuildFile; fileRef = 592862981BE57E3A0078D13B /* BucketListCollectionViewCell.swift */; };
		5928629B1BE58FEE0078D13B /* BucketListIconPicker.swift in Sources */ = {isa = PBXBuildFile; fileRef = 5928629A1BE58FEE0078D13B /* BucketListIconPicker.swift */; };
		5928629D1BE5903F0078D13B /* IconPickerCell.swift in Sources */ = {isa = PBXBuildFile; fileRef = 5928629C1BE5903F0078D13B /* IconPickerCell.swift */; };
		5928629F1BE59BBF0078D13B /* Icons.xcassets in Resources */ = {isa = PBXBuildFile; fileRef = 5928629E1BE59BBF0078D13B /* Icons.xcassets */; };
		592862A11BE701620078D13B /* ListViewController.swift in Sources */ = {isa = PBXBuildFile; fileRef = 592862A01BE701620078D13B /* ListViewController.swift */; };
		592862A51BE7030F0078D13B /* ItemTableCell.swift in Sources */ = {isa = PBXBuildFile; fileRef = 592862A41BE7030F0078D13B /* ItemTableCell.swift */; };
		592862A71BE718000078D13B /* Pictures.xcassets in Resources */ = {isa = PBXBuildFile; fileRef = 592862A61BE718000078D13B /* Pictures.xcassets */; };
		592862A91BE719450078D13B /* StoryViewController.swift in Sources */ = {isa = PBXBuildFile; fileRef = 592862A81BE719450078D13B /* StoryViewController.swift */; };
		592D91E11BE40777003F8E39 /* ReasonDetailsViewController.swift in Sources */ = {isa = PBXBuildFile; fileRef = 592D91E01BE40777003F8E39 /* ReasonDetailsViewController.swift */; };
		597CEA401BEC504F00C5DC1D /* PeakView.swift in Sources */ = {isa = PBXBuildFile; fileRef = 597CEA3F1BEC504F00C5DC1D /* PeakView.swift */; };
		59E9D9751BE32D0F006CA79F /* AppDelegate.swift in Sources */ = {isa = PBXBuildFile; fileRef = 59E9D9741BE32D0F006CA79F /* AppDelegate.swift */; };
		59E9D9771BE32D0F006CA79F /* ReasonsViewController.swift in Sources */ = {isa = PBXBuildFile; fileRef = 59E9D9761BE32D0F006CA79F /* ReasonsViewController.swift */; };
		59E9D9791BE32D0F006CA79F /* CountdownViewController.swift in Sources */ = {isa = PBXBuildFile; fileRef = 59E9D9781BE32D0F006CA79F /* CountdownViewController.swift */; };
		59E9D97C1BE32D0F006CA79F /* Main.storyboard in Resources */ = {isa = PBXBuildFile; fileRef = 59E9D97A1BE32D0F006CA79F /* Main.storyboard */; };
		59E9D97E1BE32D0F006CA79F /* Assets.xcassets in Resources */ = {isa = PBXBuildFile; fileRef = 59E9D97D1BE32D0F006CA79F /* Assets.xcassets */; };
		59E9D9811BE32D0F006CA79F /* LaunchScreen.storyboard in Resources */ = {isa = PBXBuildFile; fileRef = 59E9D97F1BE32D0F006CA79F /* LaunchScreen.storyboard */; };
		59F0A81A1BE544D50007DE1F /* ReasonsData.swift in Sources */ = {isa = PBXBuildFile; fileRef = 59F0A8191BE544D50007DE1F /* ReasonsData.swift */; };
/* End PBXBuildFile section */

/* Begin PBXFileReference section */
		59084B3D1BEB02CE00C0E9DF /* Bolts.framework */ = {isa = PBXFileReference; lastKnownFileType = wrapper.framework; path = Bolts.framework; sourceTree = "<group>"; };
		59084B3E1BEB02CE00C0E9DF /* Parse.framework */ = {isa = PBXFileReference; lastKnownFileType = wrapper.framework; path = Parse.framework; sourceTree = "<group>"; };
		59084B411BEB03A400C0E9DF /* libstdc++.6.tbd */ = {isa = PBXFileReference; lastKnownFileType = "sourcecode.text-based-dylib-definition"; name = "libstdc++.6.tbd"; path = "usr/lib/libstdc++.6.tbd"; sourceTree = SDKROOT; };
		59084B431BEB03AB00C0E9DF /* SystemConfiguration.framework */ = {isa = PBXFileReference; lastKnownFileType = wrapper.framework; name = SystemConfiguration.framework; path = System/Library/Frameworks/SystemConfiguration.framework; sourceTree = SDKROOT; };
		59084B451BEB03B500C0E9DF /* AudioToolbox.framework */ = {isa = PBXFileReference; lastKnownFileType = wrapper.framework; name = AudioToolbox.framework; path = System/Library/Frameworks/AudioToolbox.framework; sourceTree = SDKROOT; };
		59084B471BEB03CD00C0E9DF /* libsqlite3.tbd */ = {isa = PBXFileReference; lastKnownFileType = "sourcecode.text-based-dylib-definition"; name = libsqlite3.tbd; path = usr/lib/libsqlite3.tbd; sourceTree = SDKROOT; };
		592599711BE3D85300122C1B /* ReasonTableCell.swift */ = {isa = PBXFileReference; fileEncoding = 4; lastKnownFileType = sourcecode.swift; path = ReasonTableCell.swift; sourceTree = "<group>"; };
		592862921BE56B800078D13B /* BucketListViewController.swift */ = {isa = PBXFileReference; fileEncoding = 4; lastKnownFileType = sourcecode.swift; path = BucketListViewController.swift; sourceTree = "<group>"; };
		592862961BE57D990078D13B /* BucketList.swift */ = {isa = PBXFileReference; fileEncoding = 4; lastKnownFileType = sourcecode.swift; path = BucketList.swift; sourceTree = "<group>"; };
		592862981BE57E3A0078D13B /* BucketListCollectionViewCell.swift */ = {isa = PBXFileReference; fileEncoding = 4; lastKnownFileType = sourcecode.swift; path = BucketListCollectionViewCell.swift; sourceTree = "<group>"; };
		5928629A1BE58FEE0078D13B /* BucketListIconPicker.swift */ = {isa = PBXFileReference; fileEncoding = 4; lastKnownFileType = sourcecode.swift; path = BucketListIconPicker.swift; sourceTree = "<group>"; };
		5928629C1BE5903F0078D13B /* IconPickerCell.swift */ = {isa = PBXFileReference; fileEncoding = 4; lastKnownFileType = sourcecode.swift; path = IconPickerCell.swift; sourceTree = "<group>"; };
		5928629E1BE59BBF0078D13B /* Icons.xcassets */ = {isa = PBXFileReference; lastKnownFileType = folder.assetcatalog; path = Icons.xcassets; sourceTree = "<group>"; };
		592862A01BE701620078D13B /* ListViewController.swift */ = {isa = PBXFileReference; fileEncoding = 4; lastKnownFileType = sourcecode.swift; path = ListViewController.swift; sourceTree = "<group>"; };
		592862A41BE7030F0078D13B /* ItemTableCell.swift */ = {isa = PBXFileReference; fileEncoding = 4; lastKnownFileType = sourcecode.swift; path = ItemTableCell.swift; sourceTree = "<group>"; };
		592862A61BE718000078D13B /* Pictures.xcassets */ = {isa = PBXFileReference; lastKnownFileType = folder.assetcatalog; path = Pictures.xcassets; sourceTree = "<group>"; };
		592862A81BE719450078D13B /* StoryViewController.swift */ = {isa = PBXFileReference; fileEncoding = 4; lastKnownFileType = sourcecode.swift; path = StoryViewController.swift; sourceTree = "<group>"; };
		592D91E01BE40777003F8E39 /* ReasonDetailsViewController.swift */ = {isa = PBXFileReference; fileEncoding = 4; lastKnownFileType = sourcecode.swift; path = ReasonDetailsViewController.swift; sourceTree = "<group>"; };
		597CEA3F1BEC504F00C5DC1D /* PeakView.swift */ = {isa = PBXFileReference; fileEncoding = 4; lastKnownFileType = sourcecode.swift; path = PeakView.swift; sourceTree = "<group>"; };
		59E9D9711BE32D0F006CA79F /* Reasons.app */ = {isa = PBXFileReference; explicitFileType = wrapper.application; includeInIndex = 0; path = Reasons.app; sourceTree = BUILT_PRODUCTS_DIR; };
		59E9D9741BE32D0F006CA79F /* AppDelegate.swift */ = {isa = PBXFileReference; lastKnownFileType = sourcecode.swift; path = AppDelegate.swift; sourceTree = "<group>"; };
		59E9D9761BE32D0F006CA79F /* ReasonsViewController.swift */ = {isa = PBXFileReference; lastKnownFileType = sourcecode.swift; path = ReasonsViewController.swift; sourceTree = "<group>"; };
		59E9D9781BE32D0F006CA79F /* CountdownViewController.swift */ = {isa = PBXFileReference; lastKnownFileType = sourcecode.swift; path = CountdownViewController.swift; sourceTree = "<group>"; };
		59E9D97B1BE32D0F006CA79F /* Base */ = {isa = PBXFileReference; lastKnownFileType = file.storyboard; name = Base; path = Base.lproj/Main.storyboard; sourceTree = "<group>"; };
		59E9D97D1BE32D0F006CA79F /* Assets.xcassets */ = {isa = PBXFileReference; lastKnownFileType = folder.assetcatalog; path = Assets.xcassets; sourceTree = "<group>"; };
		59E9D9801BE32D0F006CA79F /* Base */ = {isa = PBXFileReference; lastKnownFileType = file.storyboard; name = Base; path = Base.lproj/LaunchScreen.storyboard; sourceTree = "<group>"; };
		59E9D9821BE32D0F006CA79F /* Info.plist */ = {isa = PBXFileReference; lastKnownFileType = text.plist.xml; path = Info.plist; sourceTree = "<group>"; };
		59F0A8191BE544D50007DE1F /* ReasonsData.swift */ = {isa = PBXFileReference; fileEncoding = 4; lastKnownFileType = sourcecode.swift; path = ReasonsData.swift; sourceTree = "<group>"; };
/* End PBXFileReference section */

/* Begin PBXFrameworksBuildPhase section */
		59E9D96E1BE32D0F006CA79F /* Frameworks */ = {
			isa = PBXFrameworksBuildPhase;
			buildActionMask = 2147483647;
			files = (
				59084B481BEB03CD00C0E9DF /* libsqlite3.tbd in Frameworks */,
				59084B461BEB03B500C0E9DF /* AudioToolbox.framework in Frameworks */,
				59084B441BEB03AB00C0E9DF /* SystemConfiguration.framework in Frameworks */,
				59084B421BEB03A400C0E9DF /* libstdc++.6.tbd in Frameworks */,
				59084B401BEB02CE00C0E9DF /* Parse.framework in Frameworks */,
				59084B3F1BEB02CE00C0E9DF /* Bolts.framework in Frameworks */,
			);
			runOnlyForDeploymentPostprocessing = 0;
		};
/* End PBXFrameworksBuildPhase section */

/* Begin PBXGroup section */
		59084B491BEB03E200C0E9DF /* Frameworks */ = {
			isa = PBXGroup;
			children = (
				59084B471BEB03CD00C0E9DF /* libsqlite3.tbd */,
				59084B451BEB03B500C0E9DF /* AudioToolbox.framework */,
				59084B431BEB03AB00C0E9DF /* SystemConfiguration.framework */,
				59084B411BEB03A400C0E9DF /* libstdc++.6.tbd */,
				59084B3D1BEB02CE00C0E9DF /* Bolts.framework */,
				59084B3E1BEB02CE00C0E9DF /* Parse.framework */,
			);
			name = Frameworks;
			sourceTree = "<group>";
		};
		592862941BE56B890078D13B /* Reasons */ = {
			isa = PBXGroup;
			children = (
				59E9D9761BE32D0F006CA79F /* ReasonsViewController.swift */,
				59F0A8191BE544D50007DE1F /* ReasonsData.swift */,
				592D91E01BE40777003F8E39 /* ReasonDetailsViewController.swift */,
				592599711BE3D85300122C1B /* ReasonTableCell.swift */,
			);
			name = Reasons;
			sourceTree = "<group>";
		};
		592862951BE56B8F0078D13B /* BucketList */ = {
			isa = PBXGroup;
			children = (
				592862921BE56B800078D13B /* BucketListViewController.swift */,
				592862981BE57E3A0078D13B /* BucketListCollectionViewCell.swift */,
				592862961BE57D990078D13B /* BucketList.swift */,
				5928629A1BE58FEE0078D13B /* BucketListIconPicker.swift */,
				5928629C1BE5903F0078D13B /* IconPickerCell.swift */,
				592862A21BE7016D0078D13B /* List */,
			);
			name = BucketList;
			sourceTree = "<group>";
		};
		592862A21BE7016D0078D13B /* List */ = {
			isa = PBXGroup;
			children = (
				592862A01BE701620078D13B /* ListViewController.swift */,
				592862A41BE7030F0078D13B /* ItemTableCell.swift */,
			);
			name = List;
			sourceTree = "<group>";
		};
		592862A31BE701710078D13B /* Countdown */ = {
			isa = PBXGroup;
			children = (
				59E9D9781BE32D0F006CA79F /* CountdownViewController.swift */,
			);
			name = Countdown;
			sourceTree = "<group>";
		};
		592862AA1BE7194D0078D13B /* Story */ = {
			isa = PBXGroup;
			children = (
				592862A81BE719450078D13B /* StoryViewController.swift */,
				597CEA3F1BEC504F00C5DC1D /* PeakView.swift */,
			);
			name = Story;
			sourceTree = "<group>";
		};
		59E9D9681BE32D0F006CA79F = {
			isa = PBXGroup;
			children = (
				59084B491BEB03E200C0E9DF /* Frameworks */,
				59E9D9731BE32D0F006CA79F /* Sydney's App */,
				59E9D9721BE32D0F006CA79F /* Products */,
			);
			sourceTree = "<group>";
		};
		59E9D9721BE32D0F006CA79F /* Products */ = {
			isa = PBXGroup;
			children = (
				59E9D9711BE32D0F006CA79F /* Reasons.app */,
			);
			name = Products;
			sourceTree = "<group>";
		};
		59E9D9731BE32D0F006CA79F /* Sydney's App */ = {
			isa = PBXGroup;
			children = (
				59E9D9741BE32D0F006CA79F /* AppDelegate.swift */,
				592862941BE56B890078D13B /* Reasons */,
				592862951BE56B8F0078D13B /* BucketList */,
				592862A31BE701710078D13B /* Countdown */,
				592862AA1BE7194D0078D13B /* Story */,
				59E9D97A1BE32D0F006CA79F /* Main.storyboard */,
				592862A61BE718000078D13B /* Pictures.xcassets */,
				59E9D97D1BE32D0F006CA79F /* Assets.xcassets */,
				5928629E1BE59BBF0078D13B /* Icons.xcassets */,
				59E9D97F1BE32D0F006CA79F /* LaunchScreen.storyboard */,
				59E9D9821BE32D0F006CA79F /* Info.plist */,
			);
			path = "Sydney's App";
			sourceTree = "<group>";
		};
/* End PBXGroup section */

/* Begin PBXNativeTarget section */
		59E9D9701BE32D0F006CA79F /* Sydney's App */ = {
			isa = PBXNativeTarget;
			buildConfigurationList = 59E9D9851BE32D0F006CA79F /* Build configuration list for PBXNativeTarget "Sydney's App" */;
			buildPhases = (
				59E9D96D1BE32D0F006CA79F /* Sources */,
				59E9D96E1BE32D0F006CA79F /* Frameworks */,
				59E9D96F1BE32D0F006CA79F /* Resources */,
			);
			buildRules = (
			);
			dependencies = (
			);
			name = "Sydney's App";
			productName = "Sydney's App";
			productReference = 59E9D9711BE32D0F006CA79F /* Reasons.app */;
			productType = "com.apple.product-type.application";
		};
/* End PBXNativeTarget section */

/* Begin PBXProject section */
		59E9D9691BE32D0F006CA79F /* Project object */ = {
			isa = PBXProject;
			attributes = {
				LastUpgradeCheck = 0700;
				ORGANIZATIONNAME = "Micah Wilson";
				TargetAttributes = {
					59E9D9701BE32D0F006CA79F = {
						CreatedOnToolsVersion = 7.0.1;
					};
				};
			};
			buildConfigurationList = 59E9D96C1BE32D0F006CA79F /* Build configuration list for PBXProject "Sydney's App" */;
			compatibilityVersion = "Xcode 3.2";
			developmentRegion = English;
			hasScannedForEncodings = 0;
			knownRegions = (
				en,
				Base,
			);
			mainGroup = 59E9D9681BE32D0F006CA79F;
			productRefGroup = 59E9D9721BE32D0F006CA79F /* Products */;
			projectDirPath = "";
			projectRoot = "";
			targets = (
				59E9D9701BE32D0F006CA79F /* Sydney's App */,
			);
		};
/* End PBXProject section */

/* Begin PBXResourcesBuildPhase section */
		59E9D96F1BE32D0F006CA79F /* Resources */ = {
			isa = PBXResourcesBuildPhase;
			buildActionMask = 2147483647;
			files = (
				59E9D9811BE32D0F006CA79F /* LaunchScreen.storyboard in Resources */,
				59E9D97E1BE32D0F006CA79F /* Assets.xcassets in Resources */,
				5928629F1BE59BBF0078D13B /* Icons.xcassets in Resources */,
				592862A71BE718000078D13B /* Pictures.xcassets in Resources */,
				59E9D97C1BE32D0F006CA79F /* Main.storyboard in Resources */,
			);
			runOnlyForDeploymentPostprocessing = 0;
		};
/* End PBXResourcesBuildPhase section */

/* Begin PBXSourcesBuildPhase section */
		59E9D96D1BE32D0F006CA79F /* Sources */ = {
			isa = PBXSourcesBuildPhase;
			buildActionMask = 2147483647;
			files = (
				5928629B1BE58FEE0078D13B /* BucketListIconPicker.swift in Sources */,
				592599721BE3D85300122C1B /* ReasonTableCell.swift in Sources */,
				592862A51BE7030F0078D13B /* ItemTableCell.swift in Sources */,
				592862A11BE701620078D13B /* ListViewController.swift in Sources */,
				5928629D1BE5903F0078D13B /* IconPickerCell.swift in Sources */,
				592D91E11BE40777003F8E39 /* ReasonDetailsViewController.swift in Sources */,
				59E9D9791BE32D0F006CA79F /* CountdownViewController.swift in Sources */,
				592862931BE56B800078D13B /* BucketListViewController.swift in Sources */,
				59F0A81A1BE544D50007DE1F /* ReasonsData.swift in Sources */,
				597CEA401BEC504F00C5DC1D /* PeakView.swift in Sources */,
				592862971BE57D990078D13B /* BucketList.swift in Sources */,
				59E9D9751BE32D0F006CA79F /* AppDelegate.swift in Sources */,
				59E9D9771BE32D0F006CA79F /* ReasonsViewController.swift in Sources */,
				592862A91BE719450078D13B /* StoryViewController.swift in Sources */,
				592862991BE57E3A0078D13B /* BucketListCollectionViewCell.swift in Sources */,
			);
			runOnlyForDeploymentPostprocessing = 0;
		};
/* End PBXSourcesBuildPhase section */

/* Begin PBXVariantGroup section */
		59E9D97A1BE32D0F006CA79F /* Main.storyboard */ = {
			isa = PBXVariantGroup;
			children = (
				59E9D97B1BE32D0F006CA79F /* Base */,
			);
			name = Main.storyboard;
			sourceTree = "<group>";
		};
		59E9D97F1BE32D0F006CA79F /* LaunchScreen.storyboard */ = {
			isa = PBXVariantGroup;
			children = (
				59E9D9801BE32D0F006CA79F /* Base */,
			);
			name = LaunchScreen.storyboard;
			sourceTree = "<group>";
		};
/* End PBXVariantGroup section */

/* Begin XCBuildConfiguration section */
		59E9D9831BE32D0F006CA79F /* Debug */ = {
			isa = XCBuildConfiguration;
			buildSettings = {
				ALWAYS_SEARCH_USER_PATHS = NO;
				CLANG_CXX_LANGUAGE_STANDARD = "gnu++0x";
				CLANG_CXX_LIBRARY = "libc++";
				CLANG_ENABLE_MODULES = YES;
				CLANG_ENABLE_OBJC_ARC = YES;
				CLANG_WARN_BOOL_CONVERSION = YES;
				CLANG_WARN_CONSTANT_CONVERSION = YES;
				CLANG_WARN_DIRECT_OBJC_ISA_USAGE = YES_ERROR;
				CLANG_WARN_EMPTY_BODY = YES;
				CLANG_WARN_ENUM_CONVERSION = YES;
				CLANG_WARN_INT_CONVERSION = YES;
				CLANG_WARN_OBJC_ROOT_CLASS = YES_ERROR;
				CLANG_WARN_UNREACHABLE_CODE = YES;
				CLANG_WARN__DUPLICATE_METHOD_MATCH = YES;
				"CODE_SIGN_IDENTITY[sdk=iphoneos*]" = "iPhone Developer";
				COPY_PHASE_STRIP = NO;
				DEBUG_INFORMATION_FORMAT = dwarf;
				ENABLE_STRICT_OBJC_MSGSEND = YES;
				ENABLE_TESTABILITY = YES;
				GCC_C_LANGUAGE_STANDARD = gnu99;
				GCC_DYNAMIC_NO_PIC = NO;
				GCC_NO_COMMON_BLOCKS = YES;
				GCC_OPTIMIZATION_LEVEL = 0;
				GCC_PREPROCESSOR_DEFINITIONS = (
					"DEBUG=1",
					"$(inherited)",
				);
				GCC_WARN_64_TO_32_BIT_CONVERSION = YES;
				GCC_WARN_ABOUT_RETURN_TYPE = YES_ERROR;
				GCC_WARN_UNDECLARED_SELECTOR = YES;
				GCC_WARN_UNINITIALIZED_AUTOS = YES_AGGRESSIVE;
				GCC_WARN_UNUSED_FUNCTION = YES;
				GCC_WARN_UNUSED_VARIABLE = YES;
				IPHONEOS_DEPLOYMENT_TARGET = 9.0;
				MTL_ENABLE_DEBUG_INFO = YES;
				ONLY_ACTIVE_ARCH = YES;
				SDKROOT = iphoneos;
				SWIFT_OPTIMIZATION_LEVEL = "-Onone";
			};
			name = Debug;
		};
		59E9D9841BE32D0F006CA79F /* Release */ = {
			isa = XCBuildConfiguration;
			buildSettings = {
				ALWAYS_SEARCH_USER_PATHS = NO;
				CLANG_CXX_LANGUAGE_STANDARD = "gnu++0x";
				CLANG_CXX_LIBRARY = "libc++";
				CLANG_ENABLE_MODULES = YES;
				CLANG_ENABLE_OBJC_ARC = YES;
				CLANG_WARN_BOOL_CONVERSION = YES;
				CLANG_WARN_CONSTANT_CONVERSION = YES;
				CLANG_WARN_DIRECT_OBJC_ISA_USAGE = YES_ERROR;
				CLANG_WARN_EMPTY_BODY = YES;
				CLANG_WARN_ENUM_CONVERSION = YES;
				CLANG_WARN_INT_CONVERSION = YES;
				CLANG_WARN_OBJC_ROOT_CLASS = YES_ERROR;
				CLANG_WARN_UNREACHABLE_CODE = YES;
				CLANG_WARN__DUPLICATE_METHOD_MATCH = YES;
				"CODE_SIGN_IDENTITY[sdk=iphoneos*]" = "iPhone Developer";
				COPY_PHASE_STRIP = NO;
				DEBUG_INFORMATION_FORMAT = "dwarf-with-dsym";
				ENABLE_NS_ASSERTIONS = NO;
				ENABLE_STRICT_OBJC_MSGSEND = YES;
				GCC_C_LANGUAGE_STANDARD = gnu99;
				GCC_NO_COMMON_BLOCKS = YES;
				GCC_WARN_64_TO_32_BIT_CONVERSION = YES;
				GCC_WARN_ABOUT_RETURN_TYPE = YES_ERROR;
				GCC_WARN_UNDECLARED_SELECTOR = YES;
				GCC_WARN_UNINITIALIZED_AUTOS = YES_AGGRESSIVE;
				GCC_WARN_UNUSED_FUNCTION = YES;
				GCC_WARN_UNUSED_VARIABLE = YES;
				IPHONEOS_DEPLOYMENT_TARGET = 9.0;
				MTL_ENABLE_DEBUG_INFO = NO;
				SDKROOT = iphoneos;
				VALIDATE_PRODUCT = YES;
			};
			name = Release;
		};
		59E9D9861BE32D0F006CA79F /* Debug */ = {
			isa = XCBuildConfiguration;
			buildSettings = {
				ASSETCATALOG_COMPILER_APPICON_NAME = AppIcon;
				FRAMEWORK_SEARCH_PATHS = (
					"$(inherited)",
					"$(PROJECT_DIR)",
				);
				INFOPLIST_FILE = "Sydney's App/Info.plist";
				LD_RUNPATH_SEARCH_PATHS = "$(inherited) @executable_path/Frameworks";
				PRODUCT_BUNDLE_IDENTIFIER = "com.altatech.Sydney-s-App";
				PRODUCT_NAME = Reasons;
				TARGETED_DEVICE_FAMILY = "1,2";
			};
			name = Debug;
		};
		59E9D9871BE32D0F006CA79F /* Release */ = {
			isa = XCBuildConfiguration;
			buildSettings = {
				ASSETCATALOG_COMPILER_APPICON_NAME = AppIcon;
				FRAMEWORK_SEARCH_PATHS = (
					"$(inherited)",
					"$(PROJECT_DIR)",
				);
				INFOPLIST_FILE = "Sydney's App/Info.plist";
				LD_RUNPATH_SEARCH_PATHS = "$(inherited) @executable_path/Frameworks";
				PRODUCT_BUNDLE_IDENTIFIER = "com.altatech.Sydney-s-App";
				PRODUCT_NAME = Reasons;
				TARGETED_DEVICE_FAMILY = "1,2";
			};
			name = Release;
		};
/* End XCBuildConfiguration section */

/* Begin XCConfigurationList section */
		59E9D96C1BE32D0F006CA79F /* Build configuration list for PBXProject "Sydney's App" */ = {
			isa = XCConfigurationList;
			buildConfigurations = (
				59E9D9831BE32D0F006CA79F /* Debug */,
				59E9D9841BE32D0F006CA79F /* Release */,
			);
			defaultConfigurationIsVisible = 0;
			defaultConfigurationName = Release;
		};
		59E9D9851BE32D0F006CA79F /* Build configuration list for PBXNativeTarget "Sydney's App" */ = {
			isa = XCConfigurationList;
			buildConfigurations = (
				59E9D9861BE32D0F006CA79F /* Debug */,
				59E9D9871BE32D0F006CA79F /* Release */,
			);
			defaultConfigurationIsVisible = 0;
			defaultConfigurationName = Release;
		};
/* End XCConfigurationList section */
	};
	rootObject = 59E9D9691BE32D0F006CA79F /* Project object */;
}
